
Microsoft Visual Studio Solution File, Format Version 12.00
# Visual Studio Version 16
VisualStudioVersion = 16.0.29519.87
MinimumVisualStudioVersion = 10.0.40219.1
Project("{FAE04EC0-301F-11D3-BF4B-00C04F79EFBC}") = "Uklon.Ordering", "Uklon.Ordering\Uklon.Ordering.csproj", "{8B78400E-B4D2-4AB1-9372-06D7D7DE3217}"
EndProject
Project("{FAE04EC0-301F-11D3-BF4B-00C04F79EFBC}") = "Uklon.Ordering.Domain", "Uklon.Ordering.Domain\Uklon.Ordering.Domain.csproj", "{6FF5BBC2-51CD-49F3-9802-24A6BB882200}"
EndProject
Project("{FAE04EC0-301F-11D3-BF4B-00C04F79EFBC}") = "Uklon.Ordering.Domain.UnitTests", "Uklon.Ordering.Domain.UnitTests\Uklon.Ordering.Domain.UnitTests.csproj", "{49EBE2EE-161E-40A3-B8EC-5273035688D0}"
EndProject
Global
	GlobalSection(SolutionConfigurationPlatforms) = preSolution
		Debug|Any CPU = Debug|Any CPU
		Release|Any CPU = Release|Any CPU
	EndGlobalSection
	GlobalSection(ProjectConfigurationPlatforms) = postSolution
		{8B78400E-B4D2-4AB1-9372-06D7D7DE3217}.Debug|Any CPU.ActiveCfg = Debug|Any CPU
		{8B78400E-B4D2-4AB1-9372-06D7D7DE3217}.Debug|Any CPU.Build.0 = Debug|Any CPU
		{8B78400E-B4D2-4AB1-9372-06D7D7DE3217}.Release|Any CPU.ActiveCfg = Release|Any CPU
		{8B78400E-B4D2-4AB1-9372-06D7D7DE3217}.Release|Any CPU.Build.0 = Release|Any CPU
		{6FF5BBC2-51CD-49F3-9802-24A6BB882200}.Debug|Any CPU.ActiveCfg = Debug|Any CPU
		{6FF5BBC2-51CD-49F3-9802-24A6BB882200}.Debug|Any CPU.Build.0 = Debug|Any CPU
		{6FF5BBC2-51CD-49F3-9802-24A6BB882200}.Release|Any CPU.ActiveCfg = Release|Any CPU
		{6FF5BBC2-51CD-49F3-9802-24A6BB882200}.Release|Any CPU.Build.0 = Release|Any CPU
		{49EBE2EE-161E-40A3-B8EC-5273035688D0}.Debug|Any CPU.ActiveCfg = Debug|Any CPU
		{49EBE2EE-161E-40A3-B8EC-5273035688D0}.Debug|Any CPU.Build.0 = Debug|Any CPU
		{49EBE2EE-161E-40A3-B8EC-5273035688D0}.Release|Any CPU.ActiveCfg = Release|Any CPU
		{49EBE2EE-161E-40A3-B8EC-5273035688D0}.Release|Any CPU.Build.0 = Release|Any CPU
	EndGlobalSection
	GlobalSection(SolutionProperties) = preSolution
		HideSolutionNode = FALSE
	EndGlobalSection
	GlobalSection(ExtensibilityGlobals) = postSolution
		SolutionGuid = {E5FC2F02-CD68-431D-BDC5-8F821B4DC662}
	EndGlobalSection
EndGlobal
